// !$*UTF8*$!
{
	archiveVersion = 1;
	classes = {
	};
	objectVersion = 46;
	objects = {

/* Begin PBXBuildFile section */
		07F4621E459F181349E1AAEF /* Pods_ZaloraAssignment.framework in Frameworks */ = {isa = PBXBuildFile; fileRef = 89842A802993F2AF9177F4F4 /* Pods_ZaloraAssignment.framework */; };
		788EF6837DEC41AB8B4A6E2C /* Pods_ZaloraAssignmentTests.framework in Frameworks */ = {isa = PBXBuildFile; fileRef = DD7C6D29FC9AB710BAFA6B1A /* Pods_ZaloraAssignmentTests.framework */; };
		AAEEDE8D1F73689B00176274 /* AppDelegate.swift in Sources */ = {isa = PBXBuildFile; fileRef = AAEEDE8C1F73689B00176274 /* AppDelegate.swift */; };
		AAEEDE941F73689B00176274 /* Assets.xcassets in Resources */ = {isa = PBXBuildFile; fileRef = AAEEDE931F73689B00176274 /* Assets.xcassets */; };
		AAEEDE971F73689B00176274 /* LaunchScreen.storyboard in Resources */ = {isa = PBXBuildFile; fileRef = AAEEDE951F73689B00176274 /* LaunchScreen.storyboard */; };
		AAEEDEA21F73689C00176274 /* ZaloraAssignmentTests.swift in Sources */ = {isa = PBXBuildFile; fileRef = AAEEDEA11F73689C00176274 /* ZaloraAssignmentTests.swift */; };
		AAEEDEB11F73968C00176274 /* TweeterHome.storyboard in Resources */ = {isa = PBXBuildFile; fileRef = AAEEDEB01F73968C00176274 /* TweeterHome.storyboard */; };
		AAEEDEB21F73968C00176274 /* TweeterHome.storyboard in Resources */ = {isa = PBXBuildFile; fileRef = AAEEDEB01F73968C00176274 /* TweeterHome.storyboard */; };
		AAEEDEB41F7396A400176274 /* TweeterBusiness.swift in Sources */ = {isa = PBXBuildFile; fileRef = AAEEDEB31F7396A400176274 /* TweeterBusiness.swift */; };
		AAEEDEB51F7396A400176274 /* TweeterBusiness.swift in Sources */ = {isa = PBXBuildFile; fileRef = AAEEDEB31F7396A400176274 /* TweeterBusiness.swift */; };
		AAEEDEBA1F7396DA00176274 /* TweeterPost.swift in Sources */ = {isa = PBXBuildFile; fileRef = AAEEDEB91F7396DA00176274 /* TweeterPost.swift */; };
		AAEEDEBB1F7396DA00176274 /* TweeterPost.swift in Sources */ = {isa = PBXBuildFile; fileRef = AAEEDEB91F7396DA00176274 /* TweeterPost.swift */; };
		AAEEDEBF1F739CB800176274 /* TweeterHomeViewController.swift in Sources */ = {isa = PBXBuildFile; fileRef = AAEEDEBE1F739CB800176274 /* TweeterHomeViewController.swift */; };
		AAEEDEC01F739CB800176274 /* TweeterHomeViewController.swift in Sources */ = {isa = PBXBuildFile; fileRef = AAEEDEBE1F739CB800176274 /* TweeterHomeViewController.swift */; };
		AAEEDEC31F739CD700176274 /* TweeterHomeTableViewCell.swift in Sources */ = {isa = PBXBuildFile; fileRef = AAEEDEC11F739CD700176274 /* TweeterHomeTableViewCell.swift */; };
		AAEEDEC41F739CD700176274 /* TweeterHomeTableViewCell.swift in Sources */ = {isa = PBXBuildFile; fileRef = AAEEDEC11F739CD700176274 /* TweeterHomeTableViewCell.swift */; };
		AAEEDEC51F739CD700176274 /* TweeterHomeTableViewCell.xib in Resources */ = {isa = PBXBuildFile; fileRef = AAEEDEC21F739CD700176274 /* TweeterHomeTableViewCell.xib */; };
		AAEEDEC61F739CD700176274 /* TweeterHomeTableViewCell.xib in Resources */ = {isa = PBXBuildFile; fileRef = AAEEDEC21F739CD700176274 /* TweeterHomeTableViewCell.xib */; };
		AAEEDECB1F73AD3E00176274 /* GoogleService-Info.plist in Resources */ = {isa = PBXBuildFile; fileRef = AAEEDECA1F73AD3E00176274 /* GoogleService-Info.plist */; };
		AAEEDECC1F73AD3E00176274 /* GoogleService-Info.plist in Resources */ = {isa = PBXBuildFile; fileRef = AAEEDECA1F73AD3E00176274 /* GoogleService-Info.plist */; };
		AAEEDECF1F73B90F00176274 /* TweeterEmptyTableViewCell.swift in Sources */ = {isa = PBXBuildFile; fileRef = AAEEDECD1F73B90F00176274 /* TweeterEmptyTableViewCell.swift */; };
		AAEEDED01F73B90F00176274 /* TweeterEmptyTableViewCell.swift in Sources */ = {isa = PBXBuildFile; fileRef = AAEEDECD1F73B90F00176274 /* TweeterEmptyTableViewCell.swift */; };
		AAEEDED11F73B90F00176274 /* TweeterEmptyTableViewCell.xib in Resources */ = {isa = PBXBuildFile; fileRef = AAEEDECE1F73B90F00176274 /* TweeterEmptyTableViewCell.xib */; };
		AAEEDED21F73B90F00176274 /* TweeterEmptyTableViewCell.xib in Resources */ = {isa = PBXBuildFile; fileRef = AAEEDECE1F73B90F00176274 /* TweeterEmptyTableViewCell.xib */; };
/* End PBXBuildFile section */

/* Begin PBXContainerItemProxy section */
		AAEEDE9E1F73689C00176274 /* PBXContainerItemProxy */ = {
			isa = PBXContainerItemProxy;
			containerPortal = AAEEDE811F73689B00176274 /* Project object */;
			proxyType = 1;
			remoteGlobalIDString = AAEEDE881F73689B00176274;
			remoteInfo = ZaloraAssignment;
		};
/* End PBXContainerItemProxy section */

/* Begin PBXFileReference section */
		1E16A7C1BB26640B6C66F457 /* Pods-ZaloraAssignment.release.xcconfig */ = {isa = PBXFileReference; includeInIndex = 1; lastKnownFileType = text.xcconfig; name = "Pods-ZaloraAssignment.release.xcconfig"; path = "Pods/Target Support Files/Pods-ZaloraAssignment/Pods-ZaloraAssignment.release.xcconfig"; sourceTree = "<group>"; };
		4F1E094E2743BBB00A3D14A1 /* Pods-ZaloraAssignment.debug.xcconfig */ = {isa = PBXFileReference; includeInIndex = 1; lastKnownFileType = text.xcconfig; name = "Pods-ZaloraAssignment.debug.xcconfig"; path = "Pods/Target Support Files/Pods-ZaloraAssignment/Pods-ZaloraAssignment.debug.xcconfig"; sourceTree = "<group>"; };
		6028A402CED9E438DD53CD97 /* Pods-ZaloraAssignmentTests.release.xcconfig */ = {isa = PBXFileReference; includeInIndex = 1; lastKnownFileType = text.xcconfig; name = "Pods-ZaloraAssignmentTests.release.xcconfig"; path = "Pods/Target Support Files/Pods-ZaloraAssignmentTests/Pods-ZaloraAssignmentTests.release.xcconfig"; sourceTree = "<group>"; };
		7870AD3E9B35FD440B17F2FC /* Pods-ZaloraAssignmentTests.debug.xcconfig */ = {isa = PBXFileReference; includeInIndex = 1; lastKnownFileType = text.xcconfig; name = "Pods-ZaloraAssignmentTests.debug.xcconfig"; path = "Pods/Target Support Files/Pods-ZaloraAssignmentTests/Pods-ZaloraAssignmentTests.debug.xcconfig"; sourceTree = "<group>"; };
		89842A802993F2AF9177F4F4 /* Pods_ZaloraAssignment.framework */ = {isa = PBXFileReference; explicitFileType = wrapper.framework; includeInIndex = 0; path = Pods_ZaloraAssignment.framework; sourceTree = BUILT_PRODUCTS_DIR; };
		AAEEDE891F73689B00176274 /* ZaloraAssignment.app */ = {isa = PBXFileReference; explicitFileType = wrapper.application; includeInIndex = 0; path = ZaloraAssignment.app; sourceTree = BUILT_PRODUCTS_DIR; };
		AAEEDE8C1F73689B00176274 /* AppDelegate.swift */ = {isa = PBXFileReference; lastKnownFileType = sourcecode.swift; path = AppDelegate.swift; sourceTree = "<group>"; };
		AAEEDE931F73689B00176274 /* Assets.xcassets */ = {isa = PBXFileReference; lastKnownFileType = folder.assetcatalog; path = Assets.xcassets; sourceTree = "<group>"; };
		AAEEDE961F73689B00176274 /* Base */ = {isa = PBXFileReference; lastKnownFileType = file.storyboard; name = Base; path = Base.lproj/LaunchScreen.storyboard; sourceTree = "<group>"; };
		AAEEDE981F73689B00176274 /* Info.plist */ = {isa = PBXFileReference; lastKnownFileType = text.plist.xml; path = Info.plist; sourceTree = "<group>"; };
		AAEEDE9D1F73689C00176274 /* ZaloraAssignmentTests.xctest */ = {isa = PBXFileReference; explicitFileType = wrapper.cfbundle; includeInIndex = 0; path = ZaloraAssignmentTests.xctest; sourceTree = BUILT_PRODUCTS_DIR; };
		AAEEDEA11F73689C00176274 /* ZaloraAssignmentTests.swift */ = {isa = PBXFileReference; lastKnownFileType = sourcecode.swift; path = ZaloraAssignmentTests.swift; sourceTree = "<group>"; };
		AAEEDEA31F73689C00176274 /* Info.plist */ = {isa = PBXFileReference; lastKnownFileType = text.plist.xml; path = Info.plist; sourceTree = "<group>"; };
		AAEEDEB01F73968C00176274 /* TweeterHome.storyboard */ = {isa = PBXFileReference; fileEncoding = 4; lastKnownFileType = file.storyboard; name = TweeterHome.storyboard; path = Storyboards/TweeterHome.storyboard; sourceTree = "<group>"; };
		AAEEDEB31F7396A400176274 /* TweeterBusiness.swift */ = {isa = PBXFileReference; fileEncoding = 4; lastKnownFileType = sourcecode.swift; name = TweeterBusiness.swift; path = Business/TweeterBusiness.swift; sourceTree = "<group>"; };
		AAEEDEB91F7396DA00176274 /* TweeterPost.swift */ = {isa = PBXFileReference; fileEncoding = 4; lastKnownFileType = sourcecode.swift; name = TweeterPost.swift; path = Models/TweeterPost.swift; sourceTree = "<group>"; };
		AAEEDEBE1F739CB800176274 /* TweeterHomeViewController.swift */ = {isa = PBXFileReference; fileEncoding = 4; lastKnownFileType = sourcecode.swift; name = TweeterHomeViewController.swift; path = Controllers/Home/TweeterHomeViewController.swift; sourceTree = "<group>"; };
		AAEEDEC11F739CD700176274 /* TweeterHomeTableViewCell.swift */ = {isa = PBXFileReference; fileEncoding = 4; lastKnownFileType = sourcecode.swift; name = TweeterHomeTableViewCell.swift; path = Controllers/Home/TweeterHomeTableViewCell.swift; sourceTree = "<group>"; };
		AAEEDEC21F739CD700176274 /* TweeterHomeTableViewCell.xib */ = {isa = PBXFileReference; fileEncoding = 4; lastKnownFileType = file.xib; name = TweeterHomeTableViewCell.xib; path = Controllers/Home/TweeterHomeTableViewCell.xib; sourceTree = "<group>"; };
		AAEEDECA1F73AD3E00176274 /* GoogleService-Info.plist */ = {isa = PBXFileReference; fileEncoding = 4; lastKnownFileType = text.plist.xml; path = "GoogleService-Info.plist"; sourceTree = "<group>"; };
		AAEEDECD1F73B90F00176274 /* TweeterEmptyTableViewCell.swift */ = {isa = PBXFileReference; fileEncoding = 4; lastKnownFileType = sourcecode.swift; name = TweeterEmptyTableViewCell.swift; path = Controllers/Home/TweeterEmptyTableViewCell.swift; sourceTree = "<group>"; };
		AAEEDECE1F73B90F00176274 /* TweeterEmptyTableViewCell.xib */ = {isa = PBXFileReference; fileEncoding = 4; lastKnownFileType = file.xib; name = TweeterEmptyTableViewCell.xib; path = Controllers/Home/TweeterEmptyTableViewCell.xib; sourceTree = "<group>"; };
		DD7C6D29FC9AB710BAFA6B1A /* Pods_ZaloraAssignmentTests.framework */ = {isa = PBXFileReference; explicitFileType = wrapper.framework; includeInIndex = 0; path = Pods_ZaloraAssignmentTests.framework; sourceTree = BUILT_PRODUCTS_DIR; };
/* End PBXFileReference section */

/* Begin PBXFrameworksBuildPhase section */
		AAEEDE861F73689B00176274 /* Frameworks */ = {
			isa = PBXFrameworksBuildPhase;
			buildActionMask = 2147483647;
			files = (
				07F4621E459F181349E1AAEF /* Pods_ZaloraAssignment.framework in Frameworks */,
			);
			runOnlyForDeploymentPostprocessing = 0;
		};
		AAEEDE9A1F73689C00176274 /* Frameworks */ = {
			isa = PBXFrameworksBuildPhase;
			buildActionMask = 2147483647;
			files = (
				788EF6837DEC41AB8B4A6E2C /* Pods_ZaloraAssignmentTests.framework in Frameworks */,
			);
			runOnlyForDeploymentPostprocessing = 0;
		};
/* End PBXFrameworksBuildPhase section */

/* Begin PBXGroup section */
		33D943ECE1F21DD7D646001C /* Pods */ = {
			isa = PBXGroup;
			children = (
				4F1E094E2743BBB00A3D14A1 /* Pods-ZaloraAssignment.debug.xcconfig */,
				1E16A7C1BB26640B6C66F457 /* Pods-ZaloraAssignment.release.xcconfig */,
				7870AD3E9B35FD440B17F2FC /* Pods-ZaloraAssignmentTests.debug.xcconfig */,
				6028A402CED9E438DD53CD97 /* Pods-ZaloraAssignmentTests.release.xcconfig */,
			);
			name = Pods;
			sourceTree = "<group>";
		};
		AAEEDE801F73689B00176274 = {
			isa = PBXGroup;
			children = (
				AAEEDECA1F73AD3E00176274 /* GoogleService-Info.plist */,
				AAEEDE8B1F73689B00176274 /* ZaloraAssignment */,
				AAEEDEA01F73689C00176274 /* ZaloraAssignmentTests */,
				AAEEDE8A1F73689B00176274 /* Products */,
				33D943ECE1F21DD7D646001C /* Pods */,
				F1670D130D7AA93FBE68254E /* Frameworks */,
			);
			sourceTree = "<group>";
		};
		AAEEDE8A1F73689B00176274 /* Products */ = {
			isa = PBXGroup;
			children = (
				AAEEDE891F73689B00176274 /* ZaloraAssignment.app */,
				AAEEDE9D1F73689C00176274 /* ZaloraAssignmentTests.xctest */,
			);
			name = Products;
			sourceTree = "<group>";
		};
		AAEEDE8B1F73689B00176274 /* ZaloraAssignment */ = {
			isa = PBXGroup;
			children = (
				AAEEDEAF1F7372B100176274 /* Storyboards */,
				AAEEDEAE1F73729700176274 /* Business */,
				AAEEDEAD1F73718600176274 /* Controllers */,
				AAEEDEAC1F73717800176274 /* Models */,
				AAEEDE8C1F73689B00176274 /* AppDelegate.swift */,
				AAEEDE931F73689B00176274 /* Assets.xcassets */,
				AAEEDE951F73689B00176274 /* LaunchScreen.storyboard */,
				AAEEDE981F73689B00176274 /* Info.plist */,
			);
			path = ZaloraAssignment;
			sourceTree = "<group>";
		};
		AAEEDEA01F73689C00176274 /* ZaloraAssignmentTests */ = {
			isa = PBXGroup;
			children = (
				AAEEDEA11F73689C00176274 /* ZaloraAssignmentTests.swift */,
				AAEEDEA31F73689C00176274 /* Info.plist */,
			);
			path = ZaloraAssignmentTests;
			sourceTree = "<group>";
		};
		AAEEDEAC1F73717800176274 /* Models */ = {
			isa = PBXGroup;
			children = (
				AAEEDEB91F7396DA00176274 /* TweeterPost.swift */,
			);
			name = Models;
			sourceTree = "<group>";
		};
		AAEEDEAD1F73718600176274 /* Controllers */ = {
			isa = PBXGroup;
			children = (
				AAEEDEBD1F739C6800176274 /* Home */,
			);
			name = Controllers;
			sourceTree = "<group>";
		};
		AAEEDEAE1F73729700176274 /* Business */ = {
			isa = PBXGroup;
			children = (
				AAEEDEB31F7396A400176274 /* TweeterBusiness.swift */,
			);
			name = Business;
			sourceTree = "<group>";
		};
		AAEEDEAF1F7372B100176274 /* Storyboards */ = {
			isa = PBXGroup;
			children = (
				AAEEDEB01F73968C00176274 /* TweeterHome.storyboard */,
			);
			name = Storyboards;
			sourceTree = "<group>";
		};
		AAEEDEBC1F73972200176274 /* Cells */ = {
			isa = PBXGroup;
			children = (
				AAEEDEC11F739CD700176274 /* TweeterHomeTableViewCell.swift */,
				AAEEDEC21F739CD700176274 /* TweeterHomeTableViewCell.xib */,
				AAEEDECD1F73B90F00176274 /* TweeterEmptyTableViewCell.swift */,
				AAEEDECE1F73B90F00176274 /* TweeterEmptyTableViewCell.xib */,
			);
			name = Cells;
			sourceTree = "<group>";
		};
		AAEEDEBD1F739C6800176274 /* Home */ = {
			isa = PBXGroup;
			children = (
				AAEEDEBC1F73972200176274 /* Cells */,
				AAEEDEBE1F739CB800176274 /* TweeterHomeViewController.swift */,
			);
			name = Home;
			sourceTree = "<group>";
		};
		F1670D130D7AA93FBE68254E /* Frameworks */ = {
			isa = PBXGroup;
			children = (
				89842A802993F2AF9177F4F4 /* Pods_ZaloraAssignment.framework */,
				DD7C6D29FC9AB710BAFA6B1A /* Pods_ZaloraAssignmentTests.framework */,
			);
			name = Frameworks;
			sourceTree = "<group>";
		};
/* End PBXGroup section */

/* Begin PBXNativeTarget section */
		AAEEDE881F73689B00176274 /* ZaloraAssignment */ = {
			isa = PBXNativeTarget;
			buildConfigurationList = AAEEDEA61F73689C00176274 /* Build configuration list for PBXNativeTarget "ZaloraAssignment" */;
			buildPhases = (
				115AAFBD0C12716D82BDBA40 /* [CP] Check Pods Manifest.lock */,
				AAEEDE851F73689B00176274 /* Sources */,
				AAEEDE861F73689B00176274 /* Frameworks */,
				AAEEDE871F73689B00176274 /* Resources */,
				0A94DAF97EB373790A0A4802 /* [CP] Embed Pods Frameworks */,
				B904CB6E1C905A9D51C2612A /* [CP] Copy Pods Resources */,
			);
			buildRules = (
			);
			dependencies = (
			);
			name = ZaloraAssignment;
			productName = ZaloraAssignment;
			productReference = AAEEDE891F73689B00176274 /* ZaloraAssignment.app */;
			productType = "com.apple.product-type.application";
		};
		AAEEDE9C1F73689C00176274 /* ZaloraAssignmentTests */ = {
			isa = PBXNativeTarget;
			buildConfigurationList = AAEEDEA91F73689C00176274 /* Build configuration list for PBXNativeTarget "ZaloraAssignmentTests" */;
			buildPhases = (
				9A530FC079478707234D0341 /* [CP] Check Pods Manifest.lock */,
				AAEEDE991F73689C00176274 /* Sources */,
				AAEEDE9A1F73689C00176274 /* Frameworks */,
				AAEEDE9B1F73689C00176274 /* Resources */,
				B833A268B2548AABD317AF05 /* [CP] Embed Pods Frameworks */,
				1A9FFB939B89824688058B1E /* [CP] Copy Pods Resources */,
			);
			buildRules = (
			);
			dependencies = (
				AAEEDE9F1F73689C00176274 /* PBXTargetDependency */,
			);
			name = ZaloraAssignmentTests;
			productName = ZaloraAssignmentTests;
			productReference = AAEEDE9D1F73689C00176274 /* ZaloraAssignmentTests.xctest */;
			productType = "com.apple.product-type.bundle.unit-test";
		};
/* End PBXNativeTarget section */

/* Begin PBXProject section */
		AAEEDE811F73689B00176274 /* Project object */ = {
			isa = PBXProject;
			attributes = {
				LastSwiftUpdateCheck = 0830;
				LastUpgradeCheck = 0830;
				ORGANIZATIONNAME = Thanh;
				TargetAttributes = {
					AAEEDE881F73689B00176274 = {
						CreatedOnToolsVersion = 8.3.2;
						DevelopmentTeam = BQ3WYH6J88;
						ProvisioningStyle = Automatic;
					};
					AAEEDE9C1F73689C00176274 = {
						CreatedOnToolsVersion = 8.3.2;
						DevelopmentTeam = BQ3WYH6J88;
						ProvisioningStyle = Automatic;
						TestTargetID = AAEEDE881F73689B00176274;
					};
				};
			};
			buildConfigurationList = AAEEDE841F73689B00176274 /* Build configuration list for PBXProject "ZaloraAssignment" */;
			compatibilityVersion = "Xcode 3.2";
			developmentRegion = English;
			hasScannedForEncodings = 0;
			knownRegions = (
				en,
				Base,
			);
			mainGroup = AAEEDE801F73689B00176274;
			productRefGroup = AAEEDE8A1F73689B00176274 /* Products */;
			projectDirPath = "";
			projectRoot = "";
			targets = (
				AAEEDE881F73689B00176274 /* ZaloraAssignment */,
				AAEEDE9C1F73689C00176274 /* ZaloraAssignmentTests */,
			);
		};
/* End PBXProject section */

/* Begin PBXResourcesBuildPhase section */
		AAEEDE871F73689B00176274 /* Resources */ = {
			isa = PBXResourcesBuildPhase;
			buildActionMask = 2147483647;
			files = (
				AAEEDED11F73B90F00176274 /* TweeterEmptyTableViewCell.xib in Resources */,
				AAEEDE971F73689B00176274 /* LaunchScreen.storyboard in Resources */,
				AAEEDEC51F739CD700176274 /* TweeterHomeTableViewCell.xib in Resources */,
				AAEEDECB1F73AD3E00176274 /* GoogleService-Info.plist in Resources */,
				AAEEDE941F73689B00176274 /* Assets.xcassets in Resources */,
				AAEEDEB11F73968C00176274 /* TweeterHome.storyboard in Resources */,
			);
			runOnlyForDeploymentPostprocessing = 0;
		};
		AAEEDE9B1F73689C00176274 /* Resources */ = {
			isa = PBXResourcesBuildPhase;
			buildActionMask = 2147483647;
			files = (
				AAEEDED21F73B90F00176274 /* TweeterEmptyTableViewCell.xib in Resources */,
				AAEEDEB21F73968C00176274 /* TweeterHome.storyboard in Resources */,
				AAEEDEC61F739CD700176274 /* TweeterHomeTableViewCell.xib in Resources */,
				AAEEDECC1F73AD3E00176274 /* GoogleService-Info.plist in Resources */,
			);
			runOnlyForDeploymentPostprocessing = 0;
		};
/* End PBXResourcesBuildPhase section */

/* Begin PBXShellScriptBuildPhase section */
		0A94DAF97EB373790A0A4802 /* [CP] Embed Pods Frameworks */ = {
			isa = PBXShellScriptBuildPhase;
			buildActionMask = 2147483647;
			files = (
			);
			inputPaths = (
			);
			name = "[CP] Embed Pods Frameworks";
			outputPaths = (
			);
			runOnlyForDeploymentPostprocessing = 0;
			shellPath = /bin/sh;
			shellScript = "\"${SRCROOT}/Pods/Target Support Files/Pods-ZaloraAssignment/Pods-ZaloraAssignment-frameworks.sh\"\n";
			showEnvVarsInLog = 0;
		};
		115AAFBD0C12716D82BDBA40 /* [CP] Check Pods Manifest.lock */ = {
			isa = PBXShellScriptBuildPhase;
			buildActionMask = 2147483647;
			files = (
			);
			inputPaths = (
			);
			name = "[CP] Check Pods Manifest.lock";
			outputPaths = (
			);
			runOnlyForDeploymentPostprocessing = 0;
			shellPath = /bin/sh;
			shellScript = "diff \"${PODS_PODFILE_DIR_PATH}/Podfile.lock\" \"${PODS_ROOT}/Manifest.lock\" > /dev/null\nif [ $? != 0 ] ; then\n    # print error to STDERR\n    echo \"error: The sandbox is not in sync with the Podfile.lock. Run 'pod install' or update your CocoaPods installation.\" >&2\n    exit 1\nfi\n";
			showEnvVarsInLog = 0;
		};
		1A9FFB939B89824688058B1E /* [CP] Copy Pods Resources */ = {
			isa = PBXShellScriptBuildPhase;
			buildActionMask = 2147483647;
			files = (
			);
			inputPaths = (
			);
			name = "[CP] Copy Pods Resources";
			outputPaths = (
			);
			runOnlyForDeploymentPostprocessing = 0;
			shellPath = /bin/sh;
			shellScript = "\"${SRCROOT}/Pods/Target Support Files/Pods-ZaloraAssignmentTests/Pods-ZaloraAssignmentTests-resources.sh\"\n";
			showEnvVarsInLog = 0;
		};
		9A530FC079478707234D0341 /* [CP] Check Pods Manifest.lock */ = {
			isa = PBXShellScriptBuildPhase;
			buildActionMask = 2147483647;
			files = (
			);
			inputPaths = (
			);
			name = "[CP] Check Pods Manifest.lock";
			outputPaths = (
			);
			runOnlyForDeploymentPostprocessing = 0;
			shellPath = /bin/sh;
			shellScript = "diff \"${PODS_PODFILE_DIR_PATH}/Podfile.lock\" \"${PODS_ROOT}/Manifest.lock\" > /dev/null\nif [ $? != 0 ] ; then\n    # print error to STDERR\n    echo \"error: The sandbox is not in sync with the Podfile.lock. Run 'pod install' or update your CocoaPods installation.\" >&2\n    exit 1\nfi\n";
			showEnvVarsInLog = 0;
		};
		B833A268B2548AABD317AF05 /* [CP] Embed Pods Frameworks */ = {
			isa = PBXShellScriptBuildPhase;
			buildActionMask = 2147483647;
			files = (
			);
			inputPaths = (
			);
			name = "[CP] Embed Pods Frameworks";
			outputPaths = (
			);
			runOnlyForDeploymentPostprocessing = 0;
			shellPath = /bin/sh;
			shellScript = "\"${SRCROOT}/Pods/Target Support Files/Pods-ZaloraAssignmentTests/Pods-ZaloraAssignmentTests-frameworks.sh\"\n";
			showEnvVarsInLog = 0;
		};
		B904CB6E1C905A9D51C2612A /* [CP] Copy Pods Resources */ = {
			isa = PBXShellScriptBuildPhase;
			buildActionMask = 2147483647;
			files = (
			);
			inputPaths = (
			);
			name = "[CP] Copy Pods Resources";
			outputPaths = (
			);
			runOnlyForDeploymentPostprocessing = 0;
			shellPath = /bin/sh;
			shellScript = "\"${SRCROOT}/Pods/Target Support Files/Pods-ZaloraAssignment/Pods-ZaloraAssignment-resources.sh\"\n";
			showEnvVarsInLog = 0;
		};
/* End PBXShellScriptBuildPhase section */

/* Begin PBXSourcesBuildPhase section */
		AAEEDE851F73689B00176274 /* Sources */ = {
			isa = PBXSourcesBuildPhase;
			buildActionMask = 2147483647;
			files = (
				AAEEDECF1F73B90F00176274 /* TweeterEmptyTableViewCell.swift in Sources */,
				AAEEDE8D1F73689B00176274 /* AppDelegate.swift in Sources */,
				AAEEDEBA1F7396DA00176274 /* TweeterPost.swift in Sources */,
				AAEEDEC31F739CD700176274 /* TweeterHomeTableViewCell.swift in Sources */,
				AAEEDEBF1F739CB800176274 /* TweeterHomeViewController.swift in Sources */,
				AAEEDEB41F7396A400176274 /* TweeterBusiness.swift in Sources */,
			);
			runOnlyForDeploymentPostprocessing = 0;
		};
		AAEEDE991F73689C00176274 /* Sources */ = {
			isa = PBXSourcesBuildPhase;
			buildActionMask = 2147483647;
			files = (
				AAEEDED01F73B90F00176274 /* TweeterEmptyTableViewCell.swift in Sources */,
				AAEEDEB51F7396A400176274 /* TweeterBusiness.swift in Sources */,
				AAEEDEA21F73689C00176274 /* ZaloraAssignmentTests.swift in Sources */,
				AAEEDEC41F739CD700176274 /* TweeterHomeTableViewCell.swift in Sources */,
				AAEEDEC01F739CB800176274 /* TweeterHomeViewController.swift in Sources */,
				AAEEDEBB1F7396DA00176274 /* TweeterPost.swift in Sources */,
			);
			runOnlyForDeploymentPostprocessing = 0;
		};
/* End PBXSourcesBuildPhase section */

/* Begin PBXTargetDependency section */
		AAEEDE9F1F73689C00176274 /* PBXTargetDependency */ = {
			isa = PBXTargetDependency;
			target = AAEEDE881F73689B00176274 /* ZaloraAssignment */;
			targetProxy = AAEEDE9E1F73689C00176274 /* PBXContainerItemProxy */;
		};
/* End PBXTargetDependency section */

/* Begin PBXVariantGroup section */
		AAEEDE951F73689B00176274 /* LaunchScreen.storyboard */ = {
			isa = PBXVariantGroup;
			children = (
				AAEEDE961F73689B00176274 /* Base */,
			);
			name = LaunchScreen.storyboard;
			sourceTree = "<group>";
		};
/* End PBXVariantGroup section */

/* Begin XCBuildConfiguration section */
		AAEEDEA41F73689C00176274 /* Debug */ = {
			isa = XCBuildConfiguration;
			buildSettings = {
				ALWAYS_SEARCH_USER_PATHS = NO;
				CLANG_ANALYZER_NONNULL = YES;
				CLANG_ANALYZER_NUMBER_OBJECT_CONVERSION = YES_AGGRESSIVE;
				CLANG_CXX_LANGUAGE_STANDARD = "gnu++0x";
				CLANG_CXX_LIBRARY = "libc++";
				CLANG_ENABLE_MODULES = YES;
				CLANG_ENABLE_OBJC_ARC = YES;
				CLANG_WARN_BOOL_CONVERSION = YES;
				CLANG_WARN_CONSTANT_CONVERSION = YES;
				CLANG_WARN_DIRECT_OBJC_ISA_USAGE = YES_ERROR;
				CLANG_WARN_DOCUMENTATION_COMMENTS = YES;
				CLANG_WARN_EMPTY_BODY = YES;
				CLANG_WARN_ENUM_CONVERSION = YES;
				CLANG_WARN_INFINITE_RECURSION = YES;
				CLANG_WARN_INT_CONVERSION = YES;
				CLANG_WARN_OBJC_ROOT_CLASS = YES_ERROR;
				CLANG_WARN_SUSPICIOUS_MOVE = YES;
				CLANG_WARN_UNREACHABLE_CODE = YES;
				CLANG_WARN__DUPLICATE_METHOD_MATCH = YES;
				"CODE_SIGN_IDENTITY[sdk=iphoneos*]" = "iPhone Developer";
				COPY_PHASE_STRIP = NO;
				DEBUG_INFORMATION_FORMAT = dwarf;
				ENABLE_STRICT_OBJC_MSGSEND = YES;
				ENABLE_TESTABILITY = YES;
				GCC_C_LANGUAGE_STANDARD = gnu99;
				GCC_DYNAMIC_NO_PIC = NO;
				GCC_NO_COMMON_BLOCKS = YES;
				GCC_OPTIMIZATION_LEVEL = 0;
				GCC_PREPROCESSOR_DEFINITIONS = (
					"DEBUG=1",
					"$(inherited)",
				);
				GCC_WARN_64_TO_32_BIT_CONVERSION = YES;
				GCC_WARN_ABOUT_RETURN_TYPE = YES_ERROR;
				GCC_WARN_UNDECLARED_SELECTOR = YES;
				GCC_WARN_UNINITIALIZED_AUTOS = YES_AGGRESSIVE;
				GCC_WARN_UNUSED_FUNCTION = YES;
				GCC_WARN_UNUSED_VARIABLE = YES;
				IPHONEOS_DEPLOYMENT_TARGET = 10.3;
				MTL_ENABLE_DEBUG_INFO = YES;
				ONLY_ACTIVE_ARCH = YES;
				SDKROOT = iphoneos;
				SWIFT_ACTIVE_COMPILATION_CONDITIONS = DEBUG;
				SWIFT_OPTIMIZATION_LEVEL = "-Onone";
			};
			name = Debug;
		};
		AAEEDEA51F73689C00176274 /* Release */ = {
			isa = XCBuildConfiguration;
			buildSettings = {
				ALWAYS_SEARCH_USER_PATHS = NO;
				CLANG_ANALYZER_NONNULL = YES;
				CLANG_ANALYZER_NUMBER_OBJECT_CONVERSION = YES_AGGRESSIVE;
				CLANG_CXX_LANGUAGE_STANDARD = "gnu++0x";
				CLANG_CXX_LIBRARY = "libc++";
				CLANG_ENABLE_MODULES = YES;
				CLANG_ENABLE_OBJC_ARC = YES;
				CLANG_WARN_BOOL_CONVERSION = YES;
				CLANG_WARN_CONSTANT_CONVERSION = YES;
				CLANG_WARN_DIRECT_OBJC_ISA_USAGE = YES_ERROR;
				CLANG_WARN_DOCUMENTATION_COMMENTS = YES;
				CLANG_WARN_EMPTY_BODY = YES;
				CLANG_WARN_ENUM_CONVERSION = YES;
				CLANG_WARN_INFINITE_RECURSION = YES;
				CLANG_WARN_INT_CONVERSION = YES;
				CLANG_WARN_OBJC_ROOT_CLASS = YES_ERROR;
				CLANG_WARN_SUSPICIOUS_MOVE = YES;
				CLANG_WARN_UNREACHABLE_CODE = YES;
				CLANG_WARN__DUPLICATE_METHOD_MATCH = YES;
				"CODE_SIGN_IDENTITY[sdk=iphoneos*]" = "iPhone Developer";
				COPY_PHASE_STRIP = NO;
				DEBUG_INFORMATION_FORMAT = "dwarf-with-dsym";
				ENABLE_NS_ASSERTIONS = NO;
				ENABLE_STRICT_OBJC_MSGSEND = YES;
				GCC_C_LANGUAGE_STANDARD = gnu99;
				GCC_NO_COMMON_BLOCKS = YES;
				GCC_WARN_64_TO_32_BIT_CONVERSION = YES;
				GCC_WARN_ABOUT_RETURN_TYPE = YES_ERROR;
				GCC_WARN_UNDECLARED_SELECTOR = YES;
				GCC_WARN_UNINITIALIZED_AUTOS = YES_AGGRESSIVE;
				GCC_WARN_UNUSED_FUNCTION = YES;
				GCC_WARN_UNUSED_VARIABLE = YES;
				IPHONEOS_DEPLOYMENT_TARGET = 10.3;
				MTL_ENABLE_DEBUG_INFO = NO;
				SDKROOT = iphoneos;
				SWIFT_OPTIMIZATION_LEVEL = "-Owholemodule";
				VALIDATE_PRODUCT = YES;
			};
			name = Release;
		};
		AAEEDEA71F73689C00176274 /* Debug */ = {
			isa = XCBuildConfiguration;
			baseConfigurationReference = 4F1E094E2743BBB00A3D14A1 /* Pods-ZaloraAssignment.debug.xcconfig */;
			buildSettings = {
				ASSETCATALOG_COMPILER_APPICON_NAME = AppIcon;
				DEVELOPMENT_TEAM = BQ3WYH6J88;
				INFOPLIST_FILE = ZaloraAssignment/Info.plist;
				LD_RUNPATH_SEARCH_PATHS = "$(inherited) @executable_path/Frameworks";
				PRODUCT_BUNDLE_IDENTIFIER = thanh.ZaloraAssignment;
				PRODUCT_NAME = "$(TARGET_NAME)";
				SWIFT_VERSION = 3.0;
			};
			name = Debug;
		};
		AAEEDEA81F73689C00176274 /* Release */ = {
			isa = XCBuildConfiguration;
			baseConfigurationReference = 1E16A7C1BB26640B6C66F457 /* Pods-ZaloraAssignment.release.xcconfig */;
			buildSettings = {
				ASSETCATALOG_COMPILER_APPICON_NAME = AppIcon;
				DEVELOPMENT_TEAM = BQ3WYH6J88;
				INFOPLIST_FILE = ZaloraAssignment/Info.plist;
				LD_RUNPATH_SEARCH_PATHS = "$(inherited) @executable_path/Frameworks";
				PRODUCT_BUNDLE_IDENTIFIER = thanh.ZaloraAssignment;
				PRODUCT_NAME = "$(TARGET_NAME)";
				SWIFT_VERSION = 3.0;
			};
			name = Release;
		};
		AAEEDEAA1F73689C00176274 /* Debug */ = {
			isa = XCBuildConfiguration;
			baseConfigurationReference = 7870AD3E9B35FD440B17F2FC /* Pods-ZaloraAssignmentTests.debug.xcconfig */;
			buildSettings = {
				ALWAYS_EMBED_SWIFT_STANDARD_LIBRARIES = YES;
				BUNDLE_LOADER = "$(TEST_HOST)";
				DEVELOPMENT_TEAM = BQ3WYH6J88;
				INFOPLIST_FILE = ZaloraAssignmentTests/Info.plist;
				LD_RUNPATH_SEARCH_PATHS = "$(inherited) @executable_path/Frameworks @loader_path/Frameworks";
				PRODUCT_BUNDLE_IDENTIFIER = thanh.ZaloraAssignmentTests;
				PRODUCT_NAME = "$(TARGET_NAME)";
				SWIFT_VERSION = 3.0;
				TEST_HOST = "$(BUILT_PRODUCTS_DIR)/ZaloraAssignment.app/ZaloraAssignment";
			};
			name = Debug;
		};
		AAEEDEAB1F73689C00176274 /* Release */ = {
			isa = XCBuildConfiguration;
			baseConfigurationReference = 6028A402CED9E438DD53CD97 /* Pods-ZaloraAssignmentTests.release.xcconfig */;
			buildSettings = {
				ALWAYS_EMBED_SWIFT_STANDARD_LIBRARIES = YES;
				BUNDLE_LOADER = "$(TEST_HOST)";
				DEVELOPMENT_TEAM = BQ3WYH6J88;
				INFOPLIST_FILE = ZaloraAssignmentTests/Info.plist;
				LD_RUNPATH_SEARCH_PATHS = "$(inherited) @executable_path/Frameworks @loader_path/Frameworks";
				PRODUCT_BUNDLE_IDENTIFIER = thanh.ZaloraAssignmentTests;
				PRODUCT_NAME = "$(TARGET_NAME)";
				SWIFT_VERSION = 3.0;
				TEST_HOST = "$(BUILT_PRODUCTS_DIR)/ZaloraAssignment.app/ZaloraAssignment";
			};
			name = Release;
		};
/* End XCBuildConfiguration section */

/* Begin XCConfigurationList section */
		AAEEDE841F73689B00176274 /* Build configuration list for PBXProject "ZaloraAssignment" */ = {
			isa = XCConfigurationList;
			buildConfigurations = (
				AAEEDEA41F73689C00176274 /* Debug */,
				AAEEDEA51F73689C00176274 /* Release */,
			);
			defaultConfigurationIsVisible = 0;
			defaultConfigurationName = Release;
		};
		AAEEDEA61F73689C00176274 /* Build configuration list for PBXNativeTarget "ZaloraAssignment" */ = {
			isa = XCConfigurationList;
			buildConfigurations = (
				AAEEDEA71F73689C00176274 /* Debug */,
				AAEEDEA81F73689C00176274 /* Release */,
			);
			defaultConfigurationIsVisible = 0;
			defaultConfigurationName = Release;
		};
		AAEEDEA91F73689C00176274 /* Build configuration list for PBXNativeTarget "ZaloraAssignmentTests" */ = {
			isa = XCConfigurationList;
			buildConfigurations = (
				AAEEDEAA1F73689C00176274 /* Debug */,
				AAEEDEAB1F73689C00176274 /* Release */,
			);
			defaultConfigurationIsVisible = 0;
			defaultConfigurationName = Release;
		};
/* End XCConfigurationList section */
	};
	rootObject = AAEEDE811F73689B00176274 /* Project object */;
}
